
Microsoft Visual Studio Solution File, Format Version 12.00
# Visual Studio 2013
VisualStudioVersion = 12.0.40629.0
MinimumVisualStudioVersion = 10.0.40219.1
Project("{FAE04EC0-301F-11D3-BF4B-00C04F79EFBC}") = "ApiReport1.0", "ApiReport1.0\ApiReport1.0.csproj", "{DF272E3A-F089-4757-8C1D-EE190365D407}"
EndProject
Global
	GlobalSection(SolutionConfigurationPlatforms) = preSolution
		Debug|Any CPU = Debug|Any CPU
		Release|Any CPU = Release|Any CPU
	EndGlobalSection
	GlobalSection(ProjectConfigurationPlatforms) = postSolution
		{DF272E3A-F089-4757-8C1D-EE190365D407}.Debug|Any CPU.ActiveCfg = Debug|Any CPU
		{DF272E3A-F089-4757-8C1D-EE190365D407}.Debug|Any CPU.Build.0 = Debug|Any CPU
		{DF272E3A-F089-4757-8C1D-EE190365D407}.Release|Any CPU.ActiveCfg = Release|Any CPU
		{DF272E3A-F089-4757-8C1D-EE190365D407}.Release|Any CPU.Build.0 = Release|Any CPU
	EndGlobalSection
	GlobalSection(SolutionProperties) = preSolution
		HideSolutionNode = FALSE
	EndGlobalSection
EndGlobal
